<Solution>
  <Project Path="Match3.csproj" />
  <Project Path="spine-unity-editor.csproj" />
  <Project Path="spine-unity.csproj" />
  <Project Path="CFXRRuntime.csproj" />
  <Project Path="Match3.Editor.csproj" />
  <Project Path="CFXREditor.csproj" />
  <Project Path="Firebase.App.Internal.csproj" />
</Solution>
